{
  "version": 4,
  "terraform_version": "1.4.5",
  "serial": 10,
  "lineage": "52f2d6b7-153f-d5ea-4706-31fa53134c64",
  "outputs": {
    "kubernetes_cluster_host": {
      "value": "34.27.127.39",
      "type": "string"
    },
    "kubernetes_cluster_name": {
      "value": "app-internships-gke",
      "type": "string"
    },
    "project_id": {
      "value": "app-internships",
      "type": "string"
    },
    "region": {
      "value": "us-central1",
      "type": "string"
    }
  },
  "resources": [
    {
      "mode": "data",
      "type": "google_client_config",
      "name": "default",
      "provider": "provider[\"registry.terraform.io/hashicorp/google\"]",
      "instances": [
        {
          "schema_version": 0,
          "attributes": {
            "access_token": "ya29.a0Ael9sCN3jGklJ6ZAzxO30p-8McdKNLrI54JNzy6dvqpT5_tuNsZeF_eYnhLXFYgEBqAo6iv3-is6kh5lugWN2lAYHXbfLtgWWhQp7XIuFW0AAnW2MW1_mFWc8eMrtYYj6e2QlMCe0SdeT33QkDg-FEz1JaKB-PCpHOLEZvygz3otJV0HjMbIa4ulWtMndbF6QL_uOveyD_hhpVIstDJF7ErbM6YjHRklnPbgwvgaCgYKAbASARASFQF4udJhGFRi3Nk_kgAOEkVSAJtpjg0238",
            "id": "projects/app-internships/regions/us-central1/zones/",
            "project": "app-internships",
            "region": "us-central1",
            "zone": ""
          },
          "sensitive_attributes": []
        }
      ]
    },
    {
      "mode": "data",
      "type": "google_container_cluster",
      "name": "my_cluster",
      "provider": "provider[\"registry.terraform.io/hashicorp/google\"]",
      "instances": [
        {
          "schema_version": 0,
          "attributes": {
            "addons_config": [
              {
                "cloudrun_config": [],
                "horizontal_pod_autoscaling": [],
                "http_load_balancing": [],
                "network_policy_config": [
                  {
                    "disabled": true
                  }
                ]
              }
            ],
            "authenticator_groups_config": [],
            "cluster_autoscaling": [
              {
                "auto_provisioning_defaults": [],
                "enabled": false,
                "resource_limits": []
              }
            ],
            "cluster_ipv4_cidr": "10.36.0.0/14",
            "database_encryption": [
              {
                "key_name": "",
                "state": "DECRYPTED"
              }
            ],
            "default_max_pods_per_node": null,
            "description": "",
            "enable_binary_authorization": false,
            "enable_intranode_visibility": null,
            "enable_kubernetes_alpha": false,
            "enable_legacy_abac": false,
            "enable_shielded_nodes": true,
            "enable_tpu": null,
            "endpoint": "34.27.127.39",
            "id": "projects/app-internships/locations/us-central1/clusters/app-internships-gke",
            "initial_node_count": 1,
            "instance_group_urls": [
              "https://www.googleapis.com/compute/v1/projects/app-internships/zones/us-central1-f/instanceGroups/gke-app-internships--app-internships--ec116ce5-grp",
              "https://www.googleapis.com/compute/v1/projects/app-internships/zones/us-central1-a/instanceGroups/gke-app-internships--app-internships--9cd634a5-grp",
              "https://www.googleapis.com/compute/v1/projects/app-internships/zones/us-central1-c/instanceGroups/gke-app-internships--app-internships--6a6e2fea-grp"
            ],
            "ip_allocation_policy": [],
            "label_fingerprint": "a9dc16a7",
            "location": "us-central1",
            "logging_service": "logging.googleapis.com/kubernetes",
            "maintenance_policy": [],
            "master_auth": [
              {
                "client_certificate": "",
                "client_certificate_config": [
                  {
                    "issue_client_certificate": false
                  }
                ],
                "client_key": "",
                "cluster_ca_certificate": "LS0tLS1CRUdJTiBDRVJUSUZJQ0FURS0tLS0tCk1JSUVMVENDQXBXZ0F3SUJBZ0lSQUlDQ0wxWlB1b0Yzd1FrRVA5ZTF4b1l3RFFZSktvWklodmNOQVFFTEJRQXcKTHpFdE1Dc0dBMVVFQXhNa1l6WTFOR0ZrT1RrdE4ySTNaUzAwWkdFeUxXRTNORFV0TlRKaU16VmpNemd3WkRGbApNQ0FYRFRJek1EUXlOekE0TXpjd04xb1lEekl3TlRNd05ERTVNRGt6TnpBM1dqQXZNUzB3S3dZRFZRUURFeVJqCk5qVTBZV1E1T1MwM1lqZGxMVFJrWVRJdFlUYzBOUzAxTW1Jek5XTXpPREJrTVdVd2dnR2lNQTBHQ1NxR1NJYjMKRFFFQkFRVUFBNElCandBd2dnR0tBb0lCZ1FDdTFwa1Uxb2JrSzRKSU04cWtrTFpjRkNZZjJybGp5YlZLTTN1NQovcVBNTXhNdGp5YzA2UTN6aStyTG5lRmN6U0RXTWJLWktyTmk5czdHeTcxbWIvOHEvRkVwdU14b0FPOEk0ZHJuCmJyN3Y0R0IzdjNhSW1hS1RIWVpROHpudTJEdHVEZ1EwQkdFYzVuSnVENHVEVmQxeS8wclFGdU12NUZ6V0RMMksKSjVjSk4vVXZFdHpFdTFhaklkd3lUTnJjUnd3WkNCZ3haMXpEZEkzeFEvRHk3dUNLVnpvVThGMU9EZkQxMVEwQwpJZ1pUYm9Vakt0aXRWQWx2Z2d1Szh6K2VQbmtnMlRKd1pMUk5SVlFVdDBNZm1XTkx5MXd0bjN6Z0Z1UFRrZkFDCkJKbnhNZGVlU0xkUEpHd0RhME5keittVlRIMi9TY1E5NWdEcnp4TkpWSHplWUFDQVVYeCttSHpKa0FsaDN1aFUKeG41SjZwTis1Lzl5cGltZjlwU05MR1BETDIza05naTFTMXVhMHJFREJnUkdhdVMyaVEwNzFvZkxXaVlvZ1Zydgo2TFpXVUE4NmwyQ1hEaVpNT2lnS1Q0SnNraDQzL25EZmZBMWYrRDFXclNtbUZ1M0FqcnRCL1pGYzRudi9MMzAwCnlRbmtzZnFHWGx1MGxEcFJVcW03MnFjUEdMOENBd0VBQWFOQ01FQXdEZ1lEVlIwUEFRSC9CQVFEQWdJRU1BOEcKQTFVZEV3RUIvd1FGTUFNQkFmOHdIUVlEVlIwT0JCWUVGRUhSb21WSmpjeWNwS1V1WGJmNFU2R1VtV3U4TUEwRwpDU3FHU0liM0RRRUJDd1VBQTRJQmdRQWgzYzQ0RzFnWEx6bEFCWjk2Qis0T1c4dGhzQzhieklQNDF1RFBkU1Q5ClJHU01YUVlUQVNGbEdYUjZ0RHprTFgvQ1ZGUUNneWNMaDJCd1FyUytWYTRoaEp3QXcweHpVa1pJaGR1UHZnRGgKUTVGNkVvYisrQXo0dTBoQ0JvTk5FYnY1SCtHUDNxTjQrSVpPNmtQaC9JZklQdVpUeDNtZDhzVHNWZXVwQ0FSNgp2NzRYNzV0dnA0RnZibkV5eERkQ0VVRDR2UmxkV3REUnUrQmtZdGtlYUZIYm13ajJCcC95OFBQcnpoTEdGendLCkx4bkdrbTlhLzNKMHdlcmxOdUdaWi9jYnR6eG5RL3I4OTVIUExUTE1YRTJKTG43WDZKWWxuVG01S2k3SmVTUmQKOTR2UEUrelo0YkZMNk52NC9CVnpIZUE3U0d5LzVhVnZIMnNOMUhnWVlReVdtYXdxelhNWkxtclhidUJVRkhDTwo2NlppSEtyYWpuR01PN2JkcnJ3ZUxoQ29KZzliYmhBNS96dXN2VUVoOENucm1ncHZkaXA2Ky9yeXhTVllPZUFkCnUva0lyeXZ4RStTc2RaMmtmazdvU2NhUXI4N3EzbzM0d3dIaEF4M0I5K0lQaHVJeFJWNzFPNk5xeWY0NGlCTWoKQWRNUEpuejNHdmZRbHZlNFFTRkpweEU9Ci0tLS0tRU5EIENFUlRJRklDQVRFLS0tLS0K",
                "password": "",
                "username": ""
              }
            ],
            "master_authorized_networks_config": [],
            "master_version": "1.24.10-gke.2300",
            "min_master_version": null,
            "monitoring_service": "monitoring.googleapis.com/kubernetes",
            "name": "app-internships-gke",
            "network": "projects/app-internships/global/networks/app-internships-vpc",
            "network_policy": [
              {
                "enabled": false,
                "provider": "PROVIDER_UNSPECIFIED"
              }
            ],
            "node_config": [
              {
                "disk_size_gb": 100,
                "disk_type": "pd-balanced",
                "guest_accelerator": [],
                "image_type": "COS_CONTAINERD",
                "labels": {
                  "env": "app-internships"
                },
                "local_ssd_count": 0,
                "machine_type": "n1-standard-1",
                "metadata": {
                  "disable-legacy-endpoints": "true"
                },
                "min_cpu_platform": "",
                "oauth_scopes": [
                  "https://www.googleapis.com/auth/logging.write",
                  "https://www.googleapis.com/auth/monitoring"
                ],
                "preemptible": false,
                "service_account": "default",
                "shielded_instance_config": [
                  {
                    "enable_integrity_monitoring": true,
                    "enable_secure_boot": false
                  }
                ],
                "tags": [
                  "gke-node",
                  "app-internships-gke"
                ],
                "taint": [],
                "workload_metadata_config": []
              }
            ],
            "node_locations": [
              "us-central1-a",
              "us-central1-c",
              "us-central1-f"
            ],
            "node_pool": [
              {
                "autoscaling": [],
                "initial_node_count": 2,
                "instance_group_urls": [
                  "https://www.googleapis.com/compute/v1/projects/app-internships/zones/us-central1-f/instanceGroupManagers/gke-app-internships--app-internships--ec116ce5-grp",
                  "https://www.googleapis.com/compute/v1/projects/app-internships/zones/us-central1-a/instanceGroupManagers/gke-app-internships--app-internships--9cd634a5-grp",
                  "https://www.googleapis.com/compute/v1/projects/app-internships/zones/us-central1-c/instanceGroupManagers/gke-app-internships--app-internships--6a6e2fea-grp"
                ],
                "management": [
                  {
                    "auto_repair": true,
                    "auto_upgrade": true
                  }
                ],
                "max_pods_per_node": 0,
                "name": "app-internships-gke",
                "name_prefix": "",
                "node_config": [
                  {
                    "disk_size_gb": 100,
                    "disk_type": "pd-balanced",
                    "guest_accelerator": [],
                    "image_type": "COS_CONTAINERD",
                    "labels": {
                      "env": "app-internships"
                    },
                    "local_ssd_count": 0,
                    "machine_type": "n1-standard-1",
                    "metadata": {
                      "disable-legacy-endpoints": "true"
                    },
                    "min_cpu_platform": "",
                    "oauth_scopes": [
                      "https://www.googleapis.com/auth/logging.write",
                      "https://www.googleapis.com/auth/monitoring"
                    ],
                    "preemptible": false,
                    "service_account": "default",
                    "shielded_instance_config": [
                      {
                        "enable_integrity_monitoring": true,
                        "enable_secure_boot": false
                      }
                    ],
                    "tags": [
                      "gke-node",
                      "app-internships-gke"
                    ],
                    "taint": [],
                    "workload_metadata_config": []
                  }
                ],
                "node_count": 2,
                "node_locations": [
                  "us-central1-a",
                  "us-central1-c",
                  "us-central1-f"
                ],
                "upgrade_settings": [
                  {
                    "max_surge": 1,
                    "max_unavailable": 0
                  }
                ],
                "version": "1.24.10-gke.2300"
              }
            ],
            "node_version": "1.24.10-gke.2300",
            "operation": null,
            "pod_security_policy_config": null,
            "private_cluster_config": [
              {
                "enable_private_endpoint": false,
                "enable_private_nodes": false,
                "master_ipv4_cidr_block": "",
                "peering_name": "",
                "private_endpoint": "10.10.0.2",
                "public_endpoint": "34.27.127.39"
              }
            ],
            "project": "app-internships",
            "release_channel": [
              {
                "channel": "REGULAR"
              }
            ],
            "remove_default_node_pool": null,
            "resource_labels": {},
            "resource_usage_export_config": [],
            "self_link": "https://container.googleapis.com/v1beta1/projects/app-internships/locations/us-central1/clusters/app-internships-gke",
            "services_ipv4_cidr": "10.39.240.0/20",
            "subnetwork": "projects/app-internships/regions/us-central1/subnetworks/app-internships-subnet",
            "vertical_pod_autoscaling": [],
            "workload_identity_config": []
          },
          "sensitive_attributes": []
        }
      ]
    },
    {
      "mode": "data",
      "type": "terraform_remote_state",
      "name": "gke",
      "provider": "provider[\"terraform.io/builtin/terraform\"]",
      "instances": [
        {
          "schema_version": 0,
          "attributes": {
            "backend": "local",
            "config": {
              "value": {
                "path": "./terraform.tfstate"
              },
              "type": [
                "object",
                {
                  "path": "string"
                }
              ]
            },
            "defaults": null,
            "outputs": {
              "value": {
                "kubernetes_cluster_host": "34.27.127.39",
                "kubernetes_cluster_name": "app-internships-gke",
                "project_id": "app-internships",
                "region": "us-central1"
              },
              "type": [
                "object",
                {
                  "kubernetes_cluster_host": "string",
                  "kubernetes_cluster_name": "string",
                  "project_id": "string",
                  "region": "string"
                }
              ]
            },
            "workspace": null
          },
          "sensitive_attributes": []
        }
      ]
    },
    {
      "mode": "managed",
      "type": "google_compute_network",
      "name": "vpc",
      "provider": "provider[\"registry.terraform.io/hashicorp/google\"]",
      "instances": [
        {
          "schema_version": 0,
          "attributes": {
            "auto_create_subnetworks": false,
            "delete_default_routes_on_create": false,
            "description": "",
            "gateway_ipv4": "",
            "id": "projects/app-internships/global/networks/app-internships-vpc",
            "mtu": 0,
            "name": "app-internships-vpc",
            "project": "app-internships",
            "routing_mode": "REGIONAL",
            "self_link": "https://www.googleapis.com/compute/v1/projects/app-internships/global/networks/app-internships-vpc",
            "timeouts": null
          },
          "sensitive_attributes": [],
          "private": "eyJlMmJmYjczMC1lY2FhLTExZTYtOGY4OC0zNDM2M2JjN2M0YzAiOnsiY3JlYXRlIjoxMjAwMDAwMDAwMDAwLCJkZWxldGUiOjEyMDAwMDAwMDAwMDAsInVwZGF0ZSI6MTIwMDAwMDAwMDAwMH19",
          "dependencies": [
            "data.terraform_remote_state.gke"
          ]
        }
      ]
    },
    {
      "mode": "managed",
      "type": "google_compute_subnetwork",
      "name": "subnet",
      "provider": "provider[\"registry.terraform.io/hashicorp/google\"]",
      "instances": [
        {
          "schema_version": 0,
          "attributes": {
            "creation_timestamp": "2023-04-27T02:36:53.716-07:00",
            "description": "",
            "fingerprint": null,
            "gateway_address": "10.10.0.1",
            "id": "projects/app-internships/regions/us-central1/subnetworks/app-internships-subnet",
            "ip_cidr_range": "10.10.0.0/24",
            "log_config": [],
            "name": "app-internships-subnet",
            "network": "https://www.googleapis.com/compute/v1/projects/app-internships/global/networks/app-internships-vpc",
            "private_ip_google_access": false,
            "private_ipv6_google_access": "DISABLE_GOOGLE_ACCESS",
            "project": "app-internships",
            "region": "us-central1",
            "secondary_ip_range": [],
            "self_link": "https://www.googleapis.com/compute/v1/projects/app-internships/regions/us-central1/subnetworks/app-internships-subnet",
            "timeouts": null
          },
          "sensitive_attributes": [],
          "private": "eyJlMmJmYjczMC1lY2FhLTExZTYtOGY4OC0zNDM2M2JjN2M0YzAiOnsiY3JlYXRlIjozNjAwMDAwMDAwMDAsImRlbGV0ZSI6MzYwMDAwMDAwMDAwLCJ1cGRhdGUiOjM2MDAwMDAwMDAwMH19",
          "dependencies": [
            "data.terraform_remote_state.gke",
            "google_compute_network.vpc"
          ]
        }
      ]
    },
    {
      "mode": "managed",
      "type": "google_container_cluster",
      "name": "primary",
      "provider": "provider[\"registry.terraform.io/hashicorp/google\"]",
      "instances": [
        {
          "schema_version": 1,
          "attributes": {
            "addons_config": [
              {
                "cloudrun_config": [],
                "horizontal_pod_autoscaling": [],
                "http_load_balancing": [],
                "network_policy_config": [
                  {
                    "disabled": true
                  }
                ]
              }
            ],
            "authenticator_groups_config": [],
            "cluster_autoscaling": [
              {
                "auto_provisioning_defaults": [],
                "enabled": false,
                "resource_limits": []
              }
            ],
            "cluster_ipv4_cidr": "10.36.0.0/14",
            "database_encryption": [
              {
                "key_name": "",
                "state": "DECRYPTED"
              }
            ],
            "default_max_pods_per_node": null,
            "description": "",
            "enable_binary_authorization": false,
            "enable_intranode_visibility": false,
            "enable_kubernetes_alpha": false,
            "enable_legacy_abac": false,
            "enable_shielded_nodes": true,
            "enable_tpu": false,
            "endpoint": "34.27.127.39",
            "id": "projects/app-internships/locations/us-central1/clusters/app-internships-gke",
            "initial_node_count": 1,
            "instance_group_urls": [
              "https://www.googleapis.com/compute/v1/projects/app-internships/zones/us-central1-f/instanceGroups/gke-app-internships--app-internships--ec116ce5-grp",
              "https://www.googleapis.com/compute/v1/projects/app-internships/zones/us-central1-a/instanceGroups/gke-app-internships--app-internships--9cd634a5-grp",
              "https://www.googleapis.com/compute/v1/projects/app-internships/zones/us-central1-c/instanceGroups/gke-app-internships--app-internships--6a6e2fea-grp"
            ],
            "ip_allocation_policy": [],
            "label_fingerprint": "a9dc16a7",
            "location": "us-central1",
            "logging_service": "logging.googleapis.com/kubernetes",
            "maintenance_policy": [],
            "master_auth": [
              {
                "client_certificate": "",
                "client_certificate_config": [
                  {
                    "issue_client_certificate": false
                  }
                ],
                "client_key": "",
                "cluster_ca_certificate": "LS0tLS1CRUdJTiBDRVJUSUZJQ0FURS0tLS0tCk1JSUVMVENDQXBXZ0F3SUJBZ0lSQUlDQ0wxWlB1b0Yzd1FrRVA5ZTF4b1l3RFFZSktvWklodmNOQVFFTEJRQXcKTHpFdE1Dc0dBMVVFQXhNa1l6WTFOR0ZrT1RrdE4ySTNaUzAwWkdFeUxXRTNORFV0TlRKaU16VmpNemd3WkRGbApNQ0FYRFRJek1EUXlOekE0TXpjd04xb1lEekl3TlRNd05ERTVNRGt6TnpBM1dqQXZNUzB3S3dZRFZRUURFeVJqCk5qVTBZV1E1T1MwM1lqZGxMVFJrWVRJdFlUYzBOUzAxTW1Jek5XTXpPREJrTVdVd2dnR2lNQTBHQ1NxR1NJYjMKRFFFQkFRVUFBNElCandBd2dnR0tBb0lCZ1FDdTFwa1Uxb2JrSzRKSU04cWtrTFpjRkNZZjJybGp5YlZLTTN1NQovcVBNTXhNdGp5YzA2UTN6aStyTG5lRmN6U0RXTWJLWktyTmk5czdHeTcxbWIvOHEvRkVwdU14b0FPOEk0ZHJuCmJyN3Y0R0IzdjNhSW1hS1RIWVpROHpudTJEdHVEZ1EwQkdFYzVuSnVENHVEVmQxeS8wclFGdU12NUZ6V0RMMksKSjVjSk4vVXZFdHpFdTFhaklkd3lUTnJjUnd3WkNCZ3haMXpEZEkzeFEvRHk3dUNLVnpvVThGMU9EZkQxMVEwQwpJZ1pUYm9Vakt0aXRWQWx2Z2d1Szh6K2VQbmtnMlRKd1pMUk5SVlFVdDBNZm1XTkx5MXd0bjN6Z0Z1UFRrZkFDCkJKbnhNZGVlU0xkUEpHd0RhME5keittVlRIMi9TY1E5NWdEcnp4TkpWSHplWUFDQVVYeCttSHpKa0FsaDN1aFUKeG41SjZwTis1Lzl5cGltZjlwU05MR1BETDIza05naTFTMXVhMHJFREJnUkdhdVMyaVEwNzFvZkxXaVlvZ1Zydgo2TFpXVUE4NmwyQ1hEaVpNT2lnS1Q0SnNraDQzL25EZmZBMWYrRDFXclNtbUZ1M0FqcnRCL1pGYzRudi9MMzAwCnlRbmtzZnFHWGx1MGxEcFJVcW03MnFjUEdMOENBd0VBQWFOQ01FQXdEZ1lEVlIwUEFRSC9CQVFEQWdJRU1BOEcKQTFVZEV3RUIvd1FGTUFNQkFmOHdIUVlEVlIwT0JCWUVGRUhSb21WSmpjeWNwS1V1WGJmNFU2R1VtV3U4TUEwRwpDU3FHU0liM0RRRUJDd1VBQTRJQmdRQWgzYzQ0RzFnWEx6bEFCWjk2Qis0T1c4dGhzQzhieklQNDF1RFBkU1Q5ClJHU01YUVlUQVNGbEdYUjZ0RHprTFgvQ1ZGUUNneWNMaDJCd1FyUytWYTRoaEp3QXcweHpVa1pJaGR1UHZnRGgKUTVGNkVvYisrQXo0dTBoQ0JvTk5FYnY1SCtHUDNxTjQrSVpPNmtQaC9JZklQdVpUeDNtZDhzVHNWZXVwQ0FSNgp2NzRYNzV0dnA0RnZibkV5eERkQ0VVRDR2UmxkV3REUnUrQmtZdGtlYUZIYm13ajJCcC95OFBQcnpoTEdGendLCkx4bkdrbTlhLzNKMHdlcmxOdUdaWi9jYnR6eG5RL3I4OTVIUExUTE1YRTJKTG43WDZKWWxuVG01S2k3SmVTUmQKOTR2UEUrelo0YkZMNk52NC9CVnpIZUE3U0d5LzVhVnZIMnNOMUhnWVlReVdtYXdxelhNWkxtclhidUJVRkhDTwo2NlppSEtyYWpuR01PN2JkcnJ3ZUxoQ29KZzliYmhBNS96dXN2VUVoOENucm1ncHZkaXA2Ky9yeXhTVllPZUFkCnUva0lyeXZ4RStTc2RaMmtmazdvU2NhUXI4N3EzbzM0d3dIaEF4M0I5K0lQaHVJeFJWNzFPNk5xeWY0NGlCTWoKQWRNUEpuejNHdmZRbHZlNFFTRkpweEU9Ci0tLS0tRU5EIENFUlRJRklDQVRFLS0tLS0K",
                "password": "",
                "username": ""
              }
            ],
            "master_authorized_networks_config": [],
            "master_version": "1.24.10-gke.2300",
            "min_master_version": null,
            "monitoring_service": "monitoring.googleapis.com/kubernetes",
            "name": "app-internships-gke",
            "network": "projects/app-internships/global/networks/app-internships-vpc",
            "network_policy": [
              {
                "enabled": false,
                "provider": "PROVIDER_UNSPECIFIED"
              }
            ],
            "node_config": [
              {
                "disk_size_gb": 100,
                "disk_type": "pd-balanced",
                "guest_accelerator": [],
                "image_type": "COS_CONTAINERD",
                "labels": {
                  "env": "app-internships"
                },
                "local_ssd_count": 0,
                "machine_type": "n1-standard-1",
                "metadata": {
                  "disable-legacy-endpoints": "true"
                },
                "min_cpu_platform": "",
                "oauth_scopes": [
                  "https://www.googleapis.com/auth/logging.write",
                  "https://www.googleapis.com/auth/monitoring"
                ],
                "preemptible": false,
                "service_account": "default",
                "shielded_instance_config": [
                  {
                    "enable_integrity_monitoring": true,
                    "enable_secure_boot": false
                  }
                ],
                "tags": [
                  "gke-node",
                  "app-internships-gke"
                ],
                "taint": [],
                "workload_metadata_config": []
              }
            ],
            "node_locations": [
              "us-central1-a",
              "us-central1-c",
              "us-central1-f"
            ],
            "node_pool": [
              {
                "autoscaling": [],
                "initial_node_count": 2,
                "instance_group_urls": [
                  "https://www.googleapis.com/compute/v1/projects/app-internships/zones/us-central1-f/instanceGroupManagers/gke-app-internships--app-internships--ec116ce5-grp",
                  "https://www.googleapis.com/compute/v1/projects/app-internships/zones/us-central1-a/instanceGroupManagers/gke-app-internships--app-internships--9cd634a5-grp",
                  "https://www.googleapis.com/compute/v1/projects/app-internships/zones/us-central1-c/instanceGroupManagers/gke-app-internships--app-internships--6a6e2fea-grp"
                ],
                "management": [
                  {
                    "auto_repair": true,
                    "auto_upgrade": true
                  }
                ],
                "max_pods_per_node": 0,
                "name": "app-internships-gke",
                "name_prefix": "",
                "node_config": [
                  {
                    "disk_size_gb": 100,
                    "disk_type": "pd-balanced",
                    "guest_accelerator": [],
                    "image_type": "COS_CONTAINERD",
                    "labels": {
                      "env": "app-internships"
                    },
                    "local_ssd_count": 0,
                    "machine_type": "n1-standard-1",
                    "metadata": {
                      "disable-legacy-endpoints": "true"
                    },
                    "min_cpu_platform": "",
                    "oauth_scopes": [
                      "https://www.googleapis.com/auth/logging.write",
                      "https://www.googleapis.com/auth/monitoring"
                    ],
                    "preemptible": false,
                    "service_account": "default",
                    "shielded_instance_config": [
                      {
                        "enable_integrity_monitoring": true,
                        "enable_secure_boot": false
                      }
                    ],
                    "tags": [
                      "gke-node",
                      "app-internships-gke"
                    ],
                    "taint": [],
                    "workload_metadata_config": []
                  }
                ],
                "node_count": 2,
                "node_locations": [
                  "us-central1-a",
                  "us-central1-c",
                  "us-central1-f"
                ],
                "upgrade_settings": [
                  {
                    "max_surge": 1,
                    "max_unavailable": 0
                  }
                ],
                "version": "1.24.10-gke.2300"
              }
            ],
            "node_version": "1.24.10-gke.2300",
            "operation": null,
            "pod_security_policy_config": [],
            "private_cluster_config": [
              {
                "enable_private_endpoint": false,
                "enable_private_nodes": false,
                "master_ipv4_cidr_block": "",
                "peering_name": "",
                "private_endpoint": "10.10.0.2",
                "public_endpoint": "34.27.127.39"
              }
            ],
            "project": "app-internships",
            "release_channel": [
              {
                "channel": "REGULAR"
              }
            ],
            "remove_default_node_pool": true,
            "resource_labels": {},
            "resource_usage_export_config": [],
            "self_link": "https://container.googleapis.com/v1beta1/projects/app-internships/locations/us-central1/clusters/app-internships-gke",
            "services_ipv4_cidr": "10.39.240.0/20",
            "subnetwork": "projects/app-internships/regions/us-central1/subnetworks/app-internships-subnet",
            "timeouts": null,
            "vertical_pod_autoscaling": [],
            "workload_identity_config": []
          },
          "sensitive_attributes": [],
          "dependencies": [
            "data.terraform_remote_state.gke",
            "google_compute_network.vpc",
            "google_compute_subnetwork.subnet"
          ]
        }
      ]
    },
    {
      "mode": "managed",
      "type": "google_container_node_pool",
      "name": "primary_nodes",
      "provider": "provider[\"registry.terraform.io/hashicorp/google\"]",
      "instances": [
        {
          "schema_version": 1,
          "attributes": {
            "autoscaling": [],
            "cluster": "app-internships-gke",
            "id": "projects/app-internships/locations/us-central1/clusters/app-internships-gke/nodePools/app-internships-gke",
            "initial_node_count": 2,
            "instance_group_urls": [
              "https://www.googleapis.com/compute/v1/projects/app-internships/zones/us-central1-f/instanceGroupManagers/gke-app-internships--app-internships--ec116ce5-grp",
              "https://www.googleapis.com/compute/v1/projects/app-internships/zones/us-central1-a/instanceGroupManagers/gke-app-internships--app-internships--9cd634a5-grp",
              "https://www.googleapis.com/compute/v1/projects/app-internships/zones/us-central1-c/instanceGroupManagers/gke-app-internships--app-internships--6a6e2fea-grp"
            ],
            "location": "us-central1",
            "management": [
              {
                "auto_repair": true,
                "auto_upgrade": true
              }
            ],
            "max_pods_per_node": null,
            "name": "app-internships-gke",
            "name_prefix": "",
            "node_config": [
              {
                "disk_size_gb": 100,
                "disk_type": "pd-balanced",
                "guest_accelerator": [],
                "image_type": "COS_CONTAINERD",
                "labels": {
                  "env": "app-internships"
                },
                "local_ssd_count": 0,
                "machine_type": "n1-standard-1",
                "metadata": {
                  "disable-legacy-endpoints": "true"
                },
                "min_cpu_platform": "",
                "oauth_scopes": [
                  "https://www.googleapis.com/auth/logging.write",
                  "https://www.googleapis.com/auth/monitoring"
                ],
                "preemptible": false,
                "service_account": "default",
                "shielded_instance_config": [
                  {
                    "enable_integrity_monitoring": true,
                    "enable_secure_boot": false
                  }
                ],
                "tags": [
                  "gke-node",
                  "app-internships-gke"
                ],
                "taint": [],
                "workload_metadata_config": []
              }
            ],
            "node_count": 2,
            "node_locations": [
              "us-central1-a",
              "us-central1-c",
              "us-central1-f"
            ],
            "project": "app-internships",
            "timeouts": null,
            "upgrade_settings": [
              {
                "max_surge": 1,
                "max_unavailable": 0
              }
            ],
            "version": "1.24.10-gke.2300"
          },
          "sensitive_attributes": [],
          "private": "eyJlMmJmYjczMC1lY2FhLTExZTYtOGY4OC0zNDM2M2JjN2M0YzAiOnsiY3JlYXRlIjoxODAwMDAwMDAwMDAwLCJkZWxldGUiOjE4MDAwMDAwMDAwMDAsInVwZGF0ZSI6MTgwMDAwMDAwMDAwMH0sInNjaGVtYV92ZXJzaW9uIjoiMSJ9",
          "dependencies": [
            "data.terraform_remote_state.gke",
            "google_compute_network.vpc",
            "google_compute_subnetwork.subnet",
            "google_container_cluster.primary"
          ]
        }
      ]
    },
    {
      "mode": "managed",
      "type": "kubernetes_service",
      "name": "hello-go-srv-tf",
      "provider": "provider[\"registry.terraform.io/hashicorp/kubernetes\"]",
      "instances": []
    },
    {
      "mode": "managed",
      "type": "kubernetes_service",
      "name": "hello-py-srv-tf",
      "provider": "provider[\"registry.terraform.io/hashicorp/kubernetes\"]",
      "instances": []
    }
  ],
  "check_results": null
}
