{
  "version": 4,
  "terraform_version": "1.4.5",
  "serial": 11,
  "lineage": "b6315686-825d-a41a-854b-4e0a9acfb089",
  "outputs": {
    "kubernetes_cluster_host": {
      "value": "34.147.6.143",
      "type": "string"
    },
    "kubernetes_cluster_name": {
      "value": "app-internships-gke",
      "type": "string"
    },
    "project_id": {
      "value": "app-internships",
      "type": "string"
    },
    "region": {
      "value": "europe-west4",
      "type": "string"
    }
  },
  "resources": [
    {
      "mode": "managed",
      "type": "google_compute_network",
      "name": "vpc",
      "provider": "provider[\"registry.terraform.io/hashicorp/google\"]",
      "instances": [
        {
          "schema_version": 0,
          "attributes": {
            "auto_create_subnetworks": false,
            "delete_default_routes_on_create": false,
            "description": "",
            "enable_ula_internal_ipv6": false,
            "gateway_ipv4": "",
            "id": "projects/app-internships/global/networks/app-internships-vpc",
            "internal_ipv6_range": "",
            "mtu": 0,
            "name": "app-internships-vpc",
            "project": "app-internships",
            "routing_mode": "REGIONAL",
            "self_link": "https://www.googleapis.com/compute/v1/projects/app-internships/global/networks/app-internships-vpc",
            "timeouts": null
          },
          "sensitive_attributes": [],
          "private": "eyJlMmJmYjczMC1lY2FhLTExZTYtOGY4OC0zNDM2M2JjN2M0YzAiOnsiY3JlYXRlIjoxMjAwMDAwMDAwMDAwLCJkZWxldGUiOjEyMDAwMDAwMDAwMDAsInVwZGF0ZSI6MTIwMDAwMDAwMDAwMH19"
        }
      ]
    },
    {
      "mode": "managed",
      "type": "google_compute_subnetwork",
      "name": "subnet",
      "provider": "provider[\"registry.terraform.io/hashicorp/google\"]",
      "instances": [
        {
          "schema_version": 0,
          "attributes": {
            "creation_timestamp": "2023-04-19T02:34:43.227-07:00",
            "description": "",
            "external_ipv6_prefix": "",
            "fingerprint": null,
            "gateway_address": "10.10.0.1",
            "id": "projects/app-internships/regions/europe-west4/subnetworks/app-internships-subnet",
            "ip_cidr_range": "10.10.0.0/24",
            "ipv6_access_type": "",
            "ipv6_cidr_range": "",
            "log_config": [],
            "name": "app-internships-subnet",
            "network": "https://www.googleapis.com/compute/v1/projects/app-internships/global/networks/app-internships-vpc",
            "private_ip_google_access": false,
            "private_ipv6_google_access": "DISABLE_GOOGLE_ACCESS",
            "project": "app-internships",
            "purpose": "PRIVATE",
            "region": "europe-west4",
            "role": "",
            "secondary_ip_range": [],
            "self_link": "https://www.googleapis.com/compute/v1/projects/app-internships/regions/europe-west4/subnetworks/app-internships-subnet",
            "stack_type": "IPV4_ONLY",
            "timeouts": null
          },
          "sensitive_attributes": [],
          "private": "eyJlMmJmYjczMC1lY2FhLTExZTYtOGY4OC0zNDM2M2JjN2M0YzAiOnsiY3JlYXRlIjoxMjAwMDAwMDAwMDAwLCJkZWxldGUiOjEyMDAwMDAwMDAwMDAsInVwZGF0ZSI6MTIwMDAwMDAwMDAwMH19",
          "dependencies": [
            "google_compute_network.vpc"
          ]
        }
      ]
    },
    {
      "mode": "managed",
      "type": "google_container_cluster",
      "name": "primary",
      "provider": "provider[\"registry.terraform.io/hashicorp/google\"]",
      "instances": [
        {
          "schema_version": 1,
          "attributes": {
            "addons_config": [
              {
                "cloudrun_config": [],
                "gcp_filestore_csi_driver_config": [],
                "horizontal_pod_autoscaling": [],
                "http_load_balancing": [],
                "network_policy_config": [
                  {
                    "disabled": true
                  }
                ]
              }
            ],
            "authenticator_groups_config": [],
            "cluster_autoscaling": [
              {
                "auto_provisioning_defaults": [],
                "enabled": false,
                "resource_limits": []
              }
            ],
            "cluster_ipv4_cidr": "10.80.0.0/14",
            "confidential_nodes": [],
            "database_encryption": [
              {
                "key_name": "",
                "state": "DECRYPTED"
              }
            ],
            "datapath_provider": "",
            "default_max_pods_per_node": null,
            "default_snat_status": [
              {
                "disabled": false
              }
            ],
            "description": "",
            "dns_config": [],
            "enable_autopilot": false,
            "enable_binary_authorization": false,
            "enable_intranode_visibility": false,
            "enable_kubernetes_alpha": false,
            "enable_legacy_abac": false,
            "enable_shielded_nodes": true,
            "enable_tpu": false,
            "endpoint": "34.147.6.143",
            "id": "projects/app-internships/locations/europe-west4/clusters/app-internships-gke",
            "initial_node_count": 1,
            "ip_allocation_policy": [],
            "label_fingerprint": "a9dc16a7",
            "location": "europe-west4",
            "logging_config": [
              {
                "enable_components": [
                  "SYSTEM_COMPONENTS",
                  "WORKLOADS"
                ]
              }
            ],
            "logging_service": "logging.googleapis.com/kubernetes",
            "maintenance_policy": [],
            "master_auth": [
              {
                "client_certificate": "",
                "client_certificate_config": [
                  {
                    "issue_client_certificate": false
                  }
                ],
                "client_key": "",
                "cluster_ca_certificate": "LS0tLS1CRUdJTiBDRVJUSUZJQ0FURS0tLS0tCk1JSUVMVENDQXBXZ0F3SUJBZ0lSQUplL3g2SEVBcEFZam1OQWk3MlNXWDB3RFFZSktvWklodmNOQVFFTEJRQXcKTHpFdE1Dc0dBMVVFQXhNa016RTBNakUyTWprdFlqRTRaUzAwTW1FM0xUbG1ZVGd0WVRZNU1tWXdOR0UwT1RJdwpNQ0FYRFRJek1EUXhPVEE0TlRJeU5Gb1lEekl3TlRNd05ERXhNRGsxTWpJMFdqQXZNUzB3S3dZRFZRUURFeVF6Ck1UUXlNVFl5T1MxaU1UaGxMVFF5WVRjdE9XWmhPQzFoTmpreVpqQTBZVFE1TWpBd2dnR2lNQTBHQ1NxR1NJYjMKRFFFQkFRVUFBNElCandBd2dnR0tBb0lCZ1FDdGQvL0hTRjlWVVZXZkFBOTF4eGJwZC93VHBTRllaSnZqcHYycQpXY2RBamlBaTBRczBWamhmWUsxcUNwNjczZS9DRmVlSmhmVzBkbG5USUtRRWxQMDlDTm1iUzVFYmM1V1BBd2hQCmJJWUcycmx2dU4vNEtjSHNXaVFrSkg5eU9jRHp0VTNzelVGaHZBMkkvUkgxZmdsQWRUSlhsZU4vRHkxd3NGMnYKVkMzL3NqeWZuMEZqOUNuMWh0R0VqSlZGS0d0LzNIRnZkWXFqZ1ludkJNT1o0VFdWZTQyU2pUQUlVTWFLOUtxMApneUd6eWQ0NFhhcGl3dEpmMXRyajgrNk42eFB5T3FnSlRPZm9wZUFWWUh1bHhaazNWd0hzbU1wekRRNUJ3MVUzCnpHM0sza2k2ZHdXUHRsVWdPd3pKQ3JNZ2FEYVh4dWxkblk2alVqZzk4cnRxb2Jpc2JyUk15M0FmWjg4T3BDMFgKNXhOWHZwdEF6QnJ3cG9NcnhTMnN3SHdscDR4clFRdTlOY1ZMdUZET1BablZuRzdNWE90NlYxTjNxTXJ0VWd3QgpidTF3MGJraHYyd1psNnJNRS8rWk8xQmxqQlpHbnVRZks2c0RyK3hOZWh2QnpwVTI5dFlPbDZTVDZTYmc4eSswClIwOStrV0ppaVBSdXJkbHJERndCOVBVNGJmOENBd0VBQWFOQ01FQXdEZ1lEVlIwUEFRSC9CQVFEQWdJRU1BOEcKQTFVZEV3RUIvd1FGTUFNQkFmOHdIUVlEVlIwT0JCWUVGTURMOWJEZ1g0ejZEN3AraFlySy9VZXZPYklyTUEwRwpDU3FHU0liM0RRRUJDd1VBQTRJQmdRQXlXclhhR3hlWUpac0JCaGlnbTdHaWtEZUxKUDUxZ0IvSVhYTWNYTjRaCnQ3dzA3RENQK3M3V2JkQmFuSzY4SzE0YnJHM2ZxVzFkMHcvdENtSUx3YnRkMWZ2WHhXSGkzVXI4Mjl2eDFNL1QKT3hkL0RoYllKZG5ML01rUG9qSkVQQkdVYURtaDZPU1dIdGhadmhOME1KcUk1MWZYVHBHUVdMc25DNlc2UmJrawp3MFJjekluOWxzQ29aNldmZmpldCtsNm05SkRvcXNhY2lvclRqTGV3dHN1bzAwYiswRXJUQjR5Tm9ncnhlOUlOCnl4Zjk3UDh2WFBZN2JGWURpSWluVFhmbXRBRDhMcnh4L1o1bFlmeUdVV05TdzlpNlZBdDhlSXJPbmRtWFlTb3QKcmpoeFZWckVEellKT3dMc0VnMkhyeGNYbXpLdTY1L0JDek0zSWkvbHJGM1J1K0RFQVRNRWc3RHdSR3o3bFNkRgpFdWZGSmRsRmZOQ2hwZ1VXY1BKMXN5eGVGRzVxZGxXNkhpQmpiWW5mVXJMamxNZjJWbXBwbWpsTjBwc3lxdkVlClZ6ZERMbGErYVdYdHdpQUVyK3NJK05LRGtoWXF5bEg1M1FiWXk3UFZEc3l1Z3NZRlFSVjR0NiticmplQ1JNQ2wKQVJ6L2NNZ2k2SG1uYWFDeWdOUXVGWUE9Ci0tLS0tRU5EIENFUlRJRklDQVRFLS0tLS0K"
              }
            ],
            "master_authorized_networks_config": [],
            "master_version": "1.24.10-gke.2300",
            "min_master_version": null,
            "monitoring_config": [
              {
                "enable_components": [
                  "SYSTEM_COMPONENTS"
                ]
              }
            ],
            "monitoring_service": "monitoring.googleapis.com/kubernetes",
            "name": "app-internships-gke",
            "network": "projects/app-internships/global/networks/app-internships-vpc",
            "network_policy": [
              {
                "enabled": false,
                "provider": "PROVIDER_UNSPECIFIED"
              }
            ],
            "networking_mode": "ROUTES",
            "node_config": [],
            "node_locations": [
              "europe-west4-a",
              "europe-west4-b",
              "europe-west4-c"
            ],
            "node_pool": [],
            "node_version": "1.24.10-gke.2300",
            "operation": null,
            "private_cluster_config": [
              {
                "enable_private_endpoint": false,
                "enable_private_nodes": false,
                "master_global_access_config": [
                  {
                    "enabled": false
                  }
                ],
                "master_ipv4_cidr_block": "",
                "peering_name": "",
                "private_endpoint": "10.10.0.6",
                "public_endpoint": "34.147.6.143"
              }
            ],
            "private_ipv6_google_access": "",
            "project": "app-internships",
            "release_channel": [
              {
                "channel": "REGULAR"
              }
            ],
            "remove_default_node_pool": true,
            "resource_labels": null,
            "resource_usage_export_config": [],
            "self_link": "https://container.googleapis.com/v1/projects/app-internships/locations/europe-west4/clusters/app-internships-gke",
            "services_ipv4_cidr": "10.83.240.0/20",
            "subnetwork": "projects/app-internships/regions/europe-west4/subnetworks/app-internships-subnet",
            "timeouts": null,
            "tpu_ipv4_cidr_block": "",
            "vertical_pod_autoscaling": [],
            "workload_identity_config": []
          },
          "sensitive_attributes": [],
          "private": "eyJlMmJmYjczMC1lY2FhLTExZTYtOGY4OC0zNDM2M2JjN2M0YzAiOnsiY3JlYXRlIjoyNDAwMDAwMDAwMDAwLCJkZWxldGUiOjI0MDAwMDAwMDAwMDAsInJlYWQiOjI0MDAwMDAwMDAwMDAsInVwZGF0ZSI6MzYwMDAwMDAwMDAwMH0sInNjaGVtYV92ZXJzaW9uIjoiMSJ9",
          "dependencies": [
            "google_compute_network.vpc",
            "google_compute_subnetwork.subnet"
          ]
        }
      ]
    },
    {
      "mode": "managed",
      "type": "google_container_node_pool",
      "name": "primary_nodes",
      "provider": "provider[\"registry.terraform.io/hashicorp/google\"]",
      "instances": [
        {
          "schema_version": 1,
          "attributes": {
            "autoscaling": [],
            "cluster": "app-internships-gke",
            "id": "projects/app-internships/locations/europe-west4/clusters/app-internships-gke/nodePools/app-internships-gke",
            "initial_node_count": 2,
            "instance_group_urls": [
              "https://www.googleapis.com/compute/v1/projects/app-internships/zones/europe-west4-c/instanceGroupManagers/gke-app-internships--app-internships--91d59ac9-grp",
              "https://www.googleapis.com/compute/v1/projects/app-internships/zones/europe-west4-a/instanceGroupManagers/gke-app-internships--app-internships--08bfa384-grp",
              "https://www.googleapis.com/compute/v1/projects/app-internships/zones/europe-west4-b/instanceGroupManagers/gke-app-internships--app-internships--c14ac61a-grp"
            ],
            "location": "europe-west4",
            "managed_instance_group_urls": [
              "https://www.googleapis.com/compute/v1/projects/app-internships/zones/europe-west4-c/instanceGroups/gke-app-internships--app-internships--91d59ac9-grp",
              "https://www.googleapis.com/compute/v1/projects/app-internships/zones/europe-west4-a/instanceGroups/gke-app-internships--app-internships--08bfa384-grp",
              "https://www.googleapis.com/compute/v1/projects/app-internships/zones/europe-west4-b/instanceGroups/gke-app-internships--app-internships--c14ac61a-grp"
            ],
            "management": [
              {
                "auto_repair": true,
                "auto_upgrade": true
              }
            ],
            "max_pods_per_node": null,
            "name": "app-internships-gke",
            "name_prefix": "",
            "node_config": [
              {
                "boot_disk_kms_key": "",
                "disk_size_gb": 100,
                "disk_type": "pd-balanced",
                "gcfs_config": [],
                "guest_accelerator": [],
                "gvnic": [],
                "image_type": "COS_CONTAINERD",
                "labels": {
                  "env": "app-internships"
                },
                "local_ssd_count": 0,
                "machine_type": "n1-standard-1",
                "metadata": {
                  "disable-legacy-endpoints": "true"
                },
                "min_cpu_platform": "",
                "node_group": "",
                "oauth_scopes": [
                  "https://www.googleapis.com/auth/logging.write",
                  "https://www.googleapis.com/auth/monitoring"
                ],
                "preemptible": false,
                "service_account": "default",
                "shielded_instance_config": [
                  {
                    "enable_integrity_monitoring": true,
                    "enable_secure_boot": false
                  }
                ],
                "spot": false,
                "tags": [
                  "gke-node",
                  "app-internships-gke"
                ],
                "taint": [],
                "workload_metadata_config": []
              }
            ],
            "node_count": 2,
            "node_locations": [
              "europe-west4-a",
              "europe-west4-b",
              "europe-west4-c"
            ],
            "operation": null,
            "project": "app-internships",
            "timeouts": null,
            "upgrade_settings": [
              {
                "max_surge": 1,
                "max_unavailable": 0
              }
            ],
            "version": "1.24.10-gke.2300"
          },
          "sensitive_attributes": [],
          "private": "eyJlMmJmYjczMC1lY2FhLTExZTYtOGY4OC0zNDM2M2JjN2M0YzAiOnsiY3JlYXRlIjoxODAwMDAwMDAwMDAwLCJkZWxldGUiOjE4MDAwMDAwMDAwMDAsInVwZGF0ZSI6MTgwMDAwMDAwMDAwMH0sInNjaGVtYV92ZXJzaW9uIjoiMSJ9",
          "dependencies": [
            "google_compute_network.vpc",
            "google_compute_subnetwork.subnet",
            "google_container_cluster.primary"
          ]
        }
      ]
    }
  ],
  "check_results": null
}
